
Microsoft Visual Studio Solution File, Format Version 12.00
# Visual Studio Version 17
VisualStudioVersion = 17.8.34322.80
MinimumVisualStudioVersion = 10.0.40219.1
Project("{8BC9CEB8-8B4A-11D0-8D11-00A0C91BC942}") = "DinoColors", "DinoColors\DinoColors.vcxproj", "{975CCB6F-89BA-4E12-9722-F51705589522}"
EndProject
Global
	GlobalSection(SolutionConfigurationPlatforms) = preSolution
		ASA|x64 = ASA|x64
		ASA|x86 = ASA|x86
		Debug|x64 = Debug|x64
		Debug|x86 = Debug|x86
		Release|x64 = Release|x64
		Release|x86 = Release|x86
	EndGlobalSection
	GlobalSection(ProjectConfigurationPlatforms) = postSolution
		{975CCB6F-89BA-4E12-9722-F51705589522}.ASA|x64.ActiveCfg = ASA|x64
		{975CCB6F-89BA-4E12-9722-F51705589522}.ASA|x64.Build.0 = ASA|x64
		{975CCB6F-89BA-4E12-9722-F51705589522}.ASA|x86.ActiveCfg = ASA|Win32
		{975CCB6F-89BA-4E12-9722-F51705589522}.ASA|x86.Build.0 = ASA|Win32
		{975CCB6F-89BA-4E12-9722-F51705589522}.Debug|x64.ActiveCfg = Debug|x64
		{975CCB6F-89BA-4E12-9722-F51705589522}.Debug|x64.Build.0 = Debug|x64
		{975CCB6F-89BA-4E12-9722-F51705589522}.Debug|x86.ActiveCfg = Debug|Win32
		{975CCB6F-89BA-4E12-9722-F51705589522}.Debug|x86.Build.0 = Debug|Win32
		{975CCB6F-89BA-4E12-9722-F51705589522}.Release|x64.ActiveCfg = Release|x64
		{975CCB6F-89BA-4E12-9722-F51705589522}.Release|x64.Build.0 = Release|x64
		{975CCB6F-89BA-4E12-9722-F51705589522}.Release|x86.ActiveCfg = Release|Win32
		{975CCB6F-89BA-4E12-9722-F51705589522}.Release|x86.Build.0 = Release|Win32
	EndGlobalSection
	GlobalSection(SolutionProperties) = preSolution
		HideSolutionNode = FALSE
	EndGlobalSection
	GlobalSection(ExtensibilityGlobals) = postSolution
		SolutionGuid = {30F9459A-EF3A-4781-988C-CF50FDFB3633}
	EndGlobalSection
EndGlobal
